
Microsoft Visual Studio Solution File, Format Version 12.00
# Visual Studio Version 16
VisualStudioVersion = 16.0.31702.278
MinimumVisualStudioVersion = 10.0.40219.1
Project("{54435603-DBB4-11D2-8724-00A0C9A8B90C}") = "TestSetup", "TestSetup\TestSetup.vdproj", "{A3E0BD1F-4CA3-4C54-BA23-9E4054FBBC51}"
EndProject
Project("{8BC9CEB8-8B4A-11D0-8D11-00A0C91BC942}") = "tests", "tests\tests.vcxproj", "{08FFFEAF-18A0-42F6-9950-157883FF722E}"
EndProject
Project("{8BC9CEB8-8B4A-11D0-8D11-00A0C91BC942}") = "gui", "gui\gui.vcxproj", "{2628AD97-BF7A-4FB6-A5FC-DC82FB781A22}"
	ProjectSection(ProjectDependencies) = postProject
		{BDE758D1-E705-4B13-8209-26CA40CB6F84} = {BDE758D1-E705-4B13-8209-26CA40CB6F84}
	EndProjectSection
EndProject
Project("{8BC9CEB8-8B4A-11D0-8D11-00A0C91BC942}") = "vectorUtils", "vectorUtils\vectorUtils.vcxproj", "{8B7A3A6F-C061-430E-8E20-8C44C02800C1}"
EndProject
Project("{8BC9CEB8-8B4A-11D0-8D11-00A0C91BC942}") = "physics", "physics\physics.vcxproj", "{737F35A4-659A-4EF7-84F4-A2BC41D98730}"
EndProject
Project("{8BC9CEB8-8B4A-11D0-8D11-00A0C91BC942}") = "imgui", "imgui\imgui.vcxproj", "{BDE758D1-E705-4B13-8209-26CA40CB6F84}"
EndProject
Project("{8BC9CEB8-8B4A-11D0-8D11-00A0C91BC942}") = "stb", "stb\stb.vcxproj", "{28960102-512C-4590-9B1C-5F16CEEEBE14}"
EndProject
Global
	GlobalSection(SolutionConfigurationPlatforms) = preSolution
		Debug|x64 = Debug|x64
		Debug|x86 = Debug|x86
		Release|x64 = Release|x64
		Release|x86 = Release|x86
	EndGlobalSection
	GlobalSection(ProjectConfigurationPlatforms) = postSolution
		{A3E0BD1F-4CA3-4C54-BA23-9E4054FBBC51}.Debug|x64.ActiveCfg = Debug
		{A3E0BD1F-4CA3-4C54-BA23-9E4054FBBC51}.Debug|x64.Build.0 = Debug
		{A3E0BD1F-4CA3-4C54-BA23-9E4054FBBC51}.Debug|x86.ActiveCfg = Debug
		{A3E0BD1F-4CA3-4C54-BA23-9E4054FBBC51}.Release|x64.ActiveCfg = Release
		{A3E0BD1F-4CA3-4C54-BA23-9E4054FBBC51}.Release|x64.Build.0 = Release
		{A3E0BD1F-4CA3-4C54-BA23-9E4054FBBC51}.Release|x86.ActiveCfg = Release
		{A3E0BD1F-4CA3-4C54-BA23-9E4054FBBC51}.Release|x86.Build.0 = Release
		{08FFFEAF-18A0-42F6-9950-157883FF722E}.Debug|x64.ActiveCfg = Debug|x64
		{08FFFEAF-18A0-42F6-9950-157883FF722E}.Debug|x64.Build.0 = Debug|x64
		{08FFFEAF-18A0-42F6-9950-157883FF722E}.Debug|x86.ActiveCfg = Debug|Win32
		{08FFFEAF-18A0-42F6-9950-157883FF722E}.Debug|x86.Build.0 = Debug|Win32
		{08FFFEAF-18A0-42F6-9950-157883FF722E}.Release|x64.ActiveCfg = Release|x64
		{08FFFEAF-18A0-42F6-9950-157883FF722E}.Release|x64.Build.0 = Release|x64
		{08FFFEAF-18A0-42F6-9950-157883FF722E}.Release|x86.ActiveCfg = Release|Win32
		{08FFFEAF-18A0-42F6-9950-157883FF722E}.Release|x86.Build.0 = Release|Win32
		{2628AD97-BF7A-4FB6-A5FC-DC82FB781A22}.Debug|x64.ActiveCfg = Debug|x64
		{2628AD97-BF7A-4FB6-A5FC-DC82FB781A22}.Debug|x64.Build.0 = Debug|x64
		{2628AD97-BF7A-4FB6-A5FC-DC82FB781A22}.Debug|x86.ActiveCfg = Debug|Win32
		{2628AD97-BF7A-4FB6-A5FC-DC82FB781A22}.Debug|x86.Build.0 = Debug|Win32
		{2628AD97-BF7A-4FB6-A5FC-DC82FB781A22}.Release|x64.ActiveCfg = Release|x64
		{2628AD97-BF7A-4FB6-A5FC-DC82FB781A22}.Release|x64.Build.0 = Release|x64
		{2628AD97-BF7A-4FB6-A5FC-DC82FB781A22}.Release|x86.ActiveCfg = Release|Win32
		{2628AD97-BF7A-4FB6-A5FC-DC82FB781A22}.Release|x86.Build.0 = Release|Win32
		{8B7A3A6F-C061-430E-8E20-8C44C02800C1}.Debug|x64.ActiveCfg = Debug|x64
		{8B7A3A6F-C061-430E-8E20-8C44C02800C1}.Debug|x64.Build.0 = Debug|x64
		{8B7A3A6F-C061-430E-8E20-8C44C02800C1}.Debug|x86.ActiveCfg = Debug|Win32
		{8B7A3A6F-C061-430E-8E20-8C44C02800C1}.Debug|x86.Build.0 = Debug|Win32
		{8B7A3A6F-C061-430E-8E20-8C44C02800C1}.Release|x64.ActiveCfg = Release|x64
		{8B7A3A6F-C061-430E-8E20-8C44C02800C1}.Release|x64.Build.0 = Release|x64
		{8B7A3A6F-C061-430E-8E20-8C44C02800C1}.Release|x86.ActiveCfg = Release|Win32
		{8B7A3A6F-C061-430E-8E20-8C44C02800C1}.Release|x86.Build.0 = Release|Win32
		{737F35A4-659A-4EF7-84F4-A2BC41D98730}.Debug|x64.ActiveCfg = Debug|x64
		{737F35A4-659A-4EF7-84F4-A2BC41D98730}.Debug|x64.Build.0 = Debug|x64
		{737F35A4-659A-4EF7-84F4-A2BC41D98730}.Debug|x86.ActiveCfg = Debug|Win32
		{737F35A4-659A-4EF7-84F4-A2BC41D98730}.Debug|x86.Build.0 = Debug|Win32
		{737F35A4-659A-4EF7-84F4-A2BC41D98730}.Release|x64.ActiveCfg = Release|x64
		{737F35A4-659A-4EF7-84F4-A2BC41D98730}.Release|x64.Build.0 = Release|x64
		{737F35A4-659A-4EF7-84F4-A2BC41D98730}.Release|x86.ActiveCfg = Release|Win32
		{737F35A4-659A-4EF7-84F4-A2BC41D98730}.Release|x86.Build.0 = Release|Win32
		{BDE758D1-E705-4B13-8209-26CA40CB6F84}.Debug|x64.ActiveCfg = Debug|x64
		{BDE758D1-E705-4B13-8209-26CA40CB6F84}.Debug|x64.Build.0 = Debug|x64
		{BDE758D1-E705-4B13-8209-26CA40CB6F84}.Debug|x86.ActiveCfg = Debug|Win32
		{BDE758D1-E705-4B13-8209-26CA40CB6F84}.Debug|x86.Build.0 = Debug|Win32
		{BDE758D1-E705-4B13-8209-26CA40CB6F84}.Release|x64.ActiveCfg = Release|x64
		{BDE758D1-E705-4B13-8209-26CA40CB6F84}.Release|x64.Build.0 = Release|x64
		{BDE758D1-E705-4B13-8209-26CA40CB6F84}.Release|x86.ActiveCfg = Release|Win32
		{BDE758D1-E705-4B13-8209-26CA40CB6F84}.Release|x86.Build.0 = Release|Win32
		{28960102-512C-4590-9B1C-5F16CEEEBE14}.Debug|x64.ActiveCfg = Debug|x64
		{28960102-512C-4590-9B1C-5F16CEEEBE14}.Debug|x64.Build.0 = Debug|x64
		{28960102-512C-4590-9B1C-5F16CEEEBE14}.Debug|x86.ActiveCfg = Debug|Win32
		{28960102-512C-4590-9B1C-5F16CEEEBE14}.Debug|x86.Build.0 = Debug|Win32
		{28960102-512C-4590-9B1C-5F16CEEEBE14}.Release|x64.ActiveCfg = Release|x64
		{28960102-512C-4590-9B1C-5F16CEEEBE14}.Release|x64.Build.0 = Release|x64
		{28960102-512C-4590-9B1C-5F16CEEEBE14}.Release|x86.ActiveCfg = Release|Win32
		{28960102-512C-4590-9B1C-5F16CEEEBE14}.Release|x86.Build.0 = Release|Win32
	EndGlobalSection
	GlobalSection(SolutionProperties) = preSolution
		HideSolutionNode = FALSE
	EndGlobalSection
	GlobalSection(ExtensibilityGlobals) = postSolution
		SolutionGuid = {4A967F9F-489D-49F6-AB02-E738052B8F2F}
	EndGlobalSection
EndGlobal
